
Microsoft Visual Studio Solution File, Format Version 12.00
# Visual Studio Version 17
VisualStudioVersion = 17.0.32112.339
MinimumVisualStudioVersion = 10.0.40219.1
Project("{9A19103F-16F7-4668-BE54-9A1E7A4F7556}") = "DevElectronic_Store", "DevElectronic_Store\DevElectronic_Store.csproj", "{8F88C1EA-C77D-4C27-8822-A38128B7DE55}"
EndProject
Project("{2150E333-8FDC-42A3-9474-1A3956D46DE8}") = "src", "src", "{048C03A4-2394-4ED9-AE3E-E21E4E0D5EDD}"
EndProject
Project("{2150E333-8FDC-42A3-9474-1A3956D46DE8}") = "Services", "Services", "{727FFFE2-1C14-4300-AB19-A919F4C5D61B}"
EndProject
Project("{2150E333-8FDC-42A3-9474-1A3956D46DE8}") = "Building Blocks", "Building Blocks", "{0B31986D-FA60-43C0-AF13-8791EC24BF8D}"
EndProject
Project("{2150E333-8FDC-42A3-9474-1A3956D46DE8}") = "Identidade", "Identidade", "{9DE26D37-C51D-4C9E-B8DA-3BCF9330A4DE}"
EndProject
Project("{2150E333-8FDC-42A3-9474-1A3956D46DE8}") = "Core", "Core", "{49AE366A-9749-49A6-8143-FE78AFDB8331}"
EndProject
Project("{2150E333-8FDC-42A3-9474-1A3956D46DE8}") = "Services", "Services", "{4765215A-A715-49BF-ACB8-48B7CB3E84EF}"
EndProject
Project("{9A19103F-16F7-4668-BE54-9A1E7A4F7556}") = "DevElectronic_Store.Core", "DevElectronic_Store.Core\DevElectronic_Store.Core.csproj", "{A1CB43BC-73C4-4B77-A2E4-15F8B326E1E5}"
EndProject
Project("{9A19103F-16F7-4668-BE54-9A1E7A4F7556}") = "DevElectronic_Store.WebApi.Core", "DevElectronic_Store.WebApi.Core\DevElectronic_Store.WebApi.Core.csproj", "{B864F78F-675B-43CC-8FE9-05F6704437A2}"
EndProject
Project("{9A19103F-16F7-4668-BE54-9A1E7A4F7556}") = "DevElectronic_Store.Identidade.API", "src\Services\DevElectronic_Store.Identidade.API\DevElectronic_Store.Identidade.API\DevElectronic_Store.Identidade.API.csproj", "{EF083968-B98B-4010-BCEE-D5FB7E552384}"
	ProjectSection(ProjectDependencies) = postProject
		{A1CB43BC-73C4-4B77-A2E4-15F8B326E1E5} = {A1CB43BC-73C4-4B77-A2E4-15F8B326E1E5}
	EndProjectSection
EndProject
Project("{2150E333-8FDC-42A3-9474-1A3956D46DE8}") = "Cliente", "Cliente", "{98305107-810B-472C-93EF-CCB84C72F9ED}"
EndProject
Project("{FAE04EC0-301F-11D3-BF4B-00C04F79EFBC}") = "DevElectronic_Store.Cliente.API", "src\Services\DevElectronic_Store.Cliente.API\DevElectronic_Store.Cliente.API.csproj", "{028DDCE1-0173-448D-A6E9-1B22DC492FA4}"
EndProject
Global
	GlobalSection(SolutionConfigurationPlatforms) = preSolution
		Debug|Any CPU = Debug|Any CPU
		Release|Any CPU = Release|Any CPU
	EndGlobalSection
	GlobalSection(ProjectConfigurationPlatforms) = postSolution
		{8F88C1EA-C77D-4C27-8822-A38128B7DE55}.Debug|Any CPU.ActiveCfg = Debug|Any CPU
		{8F88C1EA-C77D-4C27-8822-A38128B7DE55}.Debug|Any CPU.Build.0 = Debug|Any CPU
		{8F88C1EA-C77D-4C27-8822-A38128B7DE55}.Release|Any CPU.ActiveCfg = Release|Any CPU
		{8F88C1EA-C77D-4C27-8822-A38128B7DE55}.Release|Any CPU.Build.0 = Release|Any CPU
		{A1CB43BC-73C4-4B77-A2E4-15F8B326E1E5}.Debug|Any CPU.ActiveCfg = Debug|Any CPU
		{A1CB43BC-73C4-4B77-A2E4-15F8B326E1E5}.Debug|Any CPU.Build.0 = Debug|Any CPU
		{A1CB43BC-73C4-4B77-A2E4-15F8B326E1E5}.Release|Any CPU.ActiveCfg = Release|Any CPU
		{A1CB43BC-73C4-4B77-A2E4-15F8B326E1E5}.Release|Any CPU.Build.0 = Release|Any CPU
		{B864F78F-675B-43CC-8FE9-05F6704437A2}.Debug|Any CPU.ActiveCfg = Debug|Any CPU
		{B864F78F-675B-43CC-8FE9-05F6704437A2}.Debug|Any CPU.Build.0 = Debug|Any CPU
		{B864F78F-675B-43CC-8FE9-05F6704437A2}.Release|Any CPU.ActiveCfg = Release|Any CPU
		{B864F78F-675B-43CC-8FE9-05F6704437A2}.Release|Any CPU.Build.0 = Release|Any CPU
		{EF083968-B98B-4010-BCEE-D5FB7E552384}.Debug|Any CPU.ActiveCfg = Debug|Any CPU
		{EF083968-B98B-4010-BCEE-D5FB7E552384}.Debug|Any CPU.Build.0 = Debug|Any CPU
		{EF083968-B98B-4010-BCEE-D5FB7E552384}.Release|Any CPU.ActiveCfg = Release|Any CPU
		{EF083968-B98B-4010-BCEE-D5FB7E552384}.Release|Any CPU.Build.0 = Release|Any CPU
		{028DDCE1-0173-448D-A6E9-1B22DC492FA4}.Debug|Any CPU.ActiveCfg = Debug|Any CPU
		{028DDCE1-0173-448D-A6E9-1B22DC492FA4}.Debug|Any CPU.Build.0 = Debug|Any CPU
		{028DDCE1-0173-448D-A6E9-1B22DC492FA4}.Release|Any CPU.ActiveCfg = Release|Any CPU
		{028DDCE1-0173-448D-A6E9-1B22DC492FA4}.Release|Any CPU.Build.0 = Release|Any CPU
	EndGlobalSection
	GlobalSection(SolutionProperties) = preSolution
		HideSolutionNode = FALSE
	EndGlobalSection
	GlobalSection(NestedProjects) = preSolution
		{727FFFE2-1C14-4300-AB19-A919F4C5D61B} = {048C03A4-2394-4ED9-AE3E-E21E4E0D5EDD}
		{0B31986D-FA60-43C0-AF13-8791EC24BF8D} = {048C03A4-2394-4ED9-AE3E-E21E4E0D5EDD}
		{9DE26D37-C51D-4C9E-B8DA-3BCF9330A4DE} = {727FFFE2-1C14-4300-AB19-A919F4C5D61B}
		{49AE366A-9749-49A6-8143-FE78AFDB8331} = {0B31986D-FA60-43C0-AF13-8791EC24BF8D}
		{4765215A-A715-49BF-ACB8-48B7CB3E84EF} = {0B31986D-FA60-43C0-AF13-8791EC24BF8D}
		{A1CB43BC-73C4-4B77-A2E4-15F8B326E1E5} = {49AE366A-9749-49A6-8143-FE78AFDB8331}
		{B864F78F-675B-43CC-8FE9-05F6704437A2} = {4765215A-A715-49BF-ACB8-48B7CB3E84EF}
		{EF083968-B98B-4010-BCEE-D5FB7E552384} = {9DE26D37-C51D-4C9E-B8DA-3BCF9330A4DE}
		{98305107-810B-472C-93EF-CCB84C72F9ED} = {727FFFE2-1C14-4300-AB19-A919F4C5D61B}
		{028DDCE1-0173-448D-A6E9-1B22DC492FA4} = {98305107-810B-472C-93EF-CCB84C72F9ED}
	EndGlobalSection
	GlobalSection(ExtensibilityGlobals) = postSolution
		SolutionGuid = {E2B79F3A-B750-442A-93DC-FFF1B6311B49}
	EndGlobalSection
EndGlobal
